
Microsoft Visual Studio Solution File, Format Version 12.00
# Visual Studio Version 16
VisualStudioVersion = 16.0.29209.62
MinimumVisualStudioVersion = 10.0.40219.1
Project("{FAE04EC0-301F-11D3-BF4B-00C04F79EFBC}") = "IdentityRepositoryPoC", "IdentityRepositoryPoC\IdentityRepositoryPoC.csproj", "{4A818EAF-0F45-42CA-9971-67B7191B0ADF}"
EndProject
Project("{FAE04EC0-301F-11D3-BF4B-00C04F79EFBC}") = "IdentityRepositoryPoC.Data", "IdentityRepositoryPoC.Data\IdentityRepositoryPoC.Data.csproj", "{DEC7F80B-9E91-43F4-8031-FAE1ED78A018}"
EndProject
Global
	GlobalSection(SolutionConfigurationPlatforms) = preSolution
		Debug|Any CPU = Debug|Any CPU
		Release|Any CPU = Release|Any CPU
	EndGlobalSection
	GlobalSection(ProjectConfigurationPlatforms) = postSolution
		{4A818EAF-0F45-42CA-9971-67B7191B0ADF}.Debug|Any CPU.ActiveCfg = Debug|Any CPU
		{4A818EAF-0F45-42CA-9971-67B7191B0ADF}.Debug|Any CPU.Build.0 = Debug|Any CPU
		{4A818EAF-0F45-42CA-9971-67B7191B0ADF}.Release|Any CPU.ActiveCfg = Release|Any CPU
		{4A818EAF-0F45-42CA-9971-67B7191B0ADF}.Release|Any CPU.Build.0 = Release|Any CPU
		{DEC7F80B-9E91-43F4-8031-FAE1ED78A018}.Debug|Any CPU.ActiveCfg = Debug|Any CPU
		{DEC7F80B-9E91-43F4-8031-FAE1ED78A018}.Debug|Any CPU.Build.0 = Debug|Any CPU
		{DEC7F80B-9E91-43F4-8031-FAE1ED78A018}.Release|Any CPU.ActiveCfg = Release|Any CPU
		{DEC7F80B-9E91-43F4-8031-FAE1ED78A018}.Release|Any CPU.Build.0 = Release|Any CPU
	EndGlobalSection
	GlobalSection(SolutionProperties) = preSolution
		HideSolutionNode = FALSE
	EndGlobalSection
	GlobalSection(ExtensibilityGlobals) = postSolution
		SolutionGuid = {EC5C9E0D-2B3D-405E-93D0-3BFCC93019D9}
	EndGlobalSection
EndGlobal
